
Microsoft Visual Studio Solution File, Format Version 12.00
# Visual Studio Version 16
VisualStudioVersion = 16.0.31105.61
MinimumVisualStudioVersion = 10.0.40219.1
Project("{FAE04EC0-301F-11D3-BF4B-00C04F79EFBC}") = "Homework7_ryd", "Homework7_ryd\Homework7_ryd.csproj", "{C5C18A1A-FBC3-4A7F-9DCA-DF5BE7E2F8D9}"
EndProject
Global
	GlobalSection(SolutionConfigurationPlatforms) = preSolution
		Debug|Any CPU = Debug|Any CPU
		Release|Any CPU = Release|Any CPU
	EndGlobalSection
	GlobalSection(ProjectConfigurationPlatforms) = postSolution
		{C5C18A1A-FBC3-4A7F-9DCA-DF5BE7E2F8D9}.Debug|Any CPU.ActiveCfg = Debug|Any CPU
		{C5C18A1A-FBC3-4A7F-9DCA-DF5BE7E2F8D9}.Debug|Any CPU.Build.0 = Debug|Any CPU
		{C5C18A1A-FBC3-4A7F-9DCA-DF5BE7E2F8D9}.Release|Any CPU.ActiveCfg = Release|Any CPU
		{C5C18A1A-FBC3-4A7F-9DCA-DF5BE7E2F8D9}.Release|Any CPU.Build.0 = Release|Any CPU
	EndGlobalSection
	GlobalSection(SolutionProperties) = preSolution
		HideSolutionNode = FALSE
	EndGlobalSection
	GlobalSection(ExtensibilityGlobals) = postSolution
		SolutionGuid = {63DFC660-7D51-4F61-B5C3-35C3F9C39BC9}
	EndGlobalSection
EndGlobal
